
Microsoft Visual Studio Solution File, Format Version 12.00
# Visual Studio Version 16
VisualStudioVersion = 16.0.32630.194
MinimumVisualStudioVersion = 10.0.40219.1
Project("{FAE04EC0-301F-11D3-BF4B-00C04F79EFBC}") = "Airline", "Airline\Airline.csproj", "{BB9BB08E-95AC-4B5A-AEA5-2439C9287D57}"
EndProject
Global
	GlobalSection(SolutionConfigurationPlatforms) = preSolution
		Debug|Any CPU = Debug|Any CPU
		Release|Any CPU = Release|Any CPU
	EndGlobalSection
	GlobalSection(ProjectConfigurationPlatforms) = postSolution
		{BB9BB08E-95AC-4B5A-AEA5-2439C9287D57}.Debug|Any CPU.ActiveCfg = Debug|Any CPU
		{BB9BB08E-95AC-4B5A-AEA5-2439C9287D57}.Debug|Any CPU.Build.0 = Debug|Any CPU
		{BB9BB08E-95AC-4B5A-AEA5-2439C9287D57}.Release|Any CPU.ActiveCfg = Release|Any CPU
		{BB9BB08E-95AC-4B5A-AEA5-2439C9287D57}.Release|Any CPU.Build.0 = Release|Any CPU
	EndGlobalSection
	GlobalSection(SolutionProperties) = preSolution
		HideSolutionNode = FALSE
	EndGlobalSection
	GlobalSection(ExtensibilityGlobals) = postSolution
		SolutionGuid = {16196818-2B34-44E7-A0B6-EB97470A9BAD}
	EndGlobalSection
EndGlobal
